{
  "name": "react-webpack-setup",
  "version": "1.0.0",
  "lockfileVersion": 1,
  "requires": true,
  "dependencies": {
    "react-edit-inline": {
      "version": "1.0.8",
      "resolved": "https://registry.npmjs.org/react-edit-inline/-/react-edit-inline-1.0.8.tgz",
      "integrity": "sha1-0URnC1IXta3Gxby2l2/Gslfwm3I="
    }
  }
}
